
Microsoft Visual Studio Solution File, Format Version 12.00
# Visual Studio 2013
VisualStudioVersion = 12.0.30723.0
MinimumVisualStudioVersion = 10.0.40219.1
Project("{F184B08F-C81C-45F6-A57F-5ABD9991F28F}") = "hiworld", "hiworld\hiworld.vbproj", "{F26290E9-D156-43B6-8F3C-0FF3D6E93F8A}"
EndProject
Global
	GlobalSection(SolutionConfigurationPlatforms) = preSolution
		Debug|Any CPU = Debug|Any CPU
		Release|Any CPU = Release|Any CPU
	EndGlobalSection
	GlobalSection(ProjectConfigurationPlatforms) = postSolution
		{F26290E9-D156-43B6-8F3C-0FF3D6E93F8A}.Debug|Any CPU.ActiveCfg = Debug|Any CPU
		{F26290E9-D156-43B6-8F3C-0FF3D6E93F8A}.Debug|Any CPU.Build.0 = Debug|Any CPU
		{F26290E9-D156-43B6-8F3C-0FF3D6E93F8A}.Release|Any CPU.ActiveCfg = Release|Any CPU
		{F26290E9-D156-43B6-8F3C-0FF3D6E93F8A}.Release|Any CPU.Build.0 = Release|Any CPU
	EndGlobalSection
	GlobalSection(SolutionProperties) = preSolution
		HideSolutionNode = FALSE
	EndGlobalSection
EndGlobal
